
Microsoft Visual Studio Solution File, Format Version 12.00
# Visual Studio Version 17
VisualStudioVersion = 17.4.33213.308
MinimumVisualStudioVersion = 10.0.40219.1
Project("{FAE04EC0-301F-11D3-BF4B-00C04F79EFBC}") = "Task_3", "Task_3\Task_3.csproj", "{F308F138-9E50-416D-946B-31F271558E29}"
EndProject
Global
	GlobalSection(SolutionConfigurationPlatforms) = preSolution
		Debug|Any CPU = Debug|Any CPU
		Release|Any CPU = Release|Any CPU
	EndGlobalSection
	GlobalSection(ProjectConfigurationPlatforms) = postSolution
		{F308F138-9E50-416D-946B-31F271558E29}.Debug|Any CPU.ActiveCfg = Debug|Any CPU
		{F308F138-9E50-416D-946B-31F271558E29}.Debug|Any CPU.Build.0 = Debug|Any CPU
		{F308F138-9E50-416D-946B-31F271558E29}.Release|Any CPU.ActiveCfg = Release|Any CPU
		{F308F138-9E50-416D-946B-31F271558E29}.Release|Any CPU.Build.0 = Release|Any CPU
	EndGlobalSection
	GlobalSection(SolutionProperties) = preSolution
		HideSolutionNode = FALSE
	EndGlobalSection
	GlobalSection(ExtensibilityGlobals) = postSolution
		SolutionGuid = {BA1FD325-71C2-40E3-81B9-4B4D5D396019}
	EndGlobalSection
EndGlobal
